
Microsoft Visual Studio Solution File, Format Version 12.00
# Visual Studio 15
VisualStudioVersion = 15.0.28010.2026
MinimumVisualStudioVersion = 10.0.40219.1
Project("{FAE04EC0-301F-11D3-BF4B-00C04F79EFBC}") = "MaletaV4Appv2", "MaletaV4Appv2\MaletaV4Appv2.csproj", "{E8993DDB-FF10-4983-BB2A-70C1C518492F}"
EndProject
Project("{FAE04EC0-301F-11D3-BF4B-00C04F79EFBC}") = "MaletaV4Appv2Web", "MaletaV4Appv2Web\MaletaV4Appv2Web.csproj", "{C6AEF5A8-C914-4703-ABE8-0BEBAC6C6032}"
EndProject
Global
	GlobalSection(SolutionConfigurationPlatforms) = preSolution
		Debug|Any CPU = Debug|Any CPU
		Release|Any CPU = Release|Any CPU
	EndGlobalSection
	GlobalSection(ProjectConfigurationPlatforms) = postSolution
		{E8993DDB-FF10-4983-BB2A-70C1C518492F}.Debug|Any CPU.ActiveCfg = Debug|Any CPU
		{E8993DDB-FF10-4983-BB2A-70C1C518492F}.Debug|Any CPU.Build.0 = Debug|Any CPU
		{E8993DDB-FF10-4983-BB2A-70C1C518492F}.Debug|Any CPU.Deploy.0 = Debug|Any CPU
		{E8993DDB-FF10-4983-BB2A-70C1C518492F}.Release|Any CPU.ActiveCfg = Release|Any CPU
		{E8993DDB-FF10-4983-BB2A-70C1C518492F}.Release|Any CPU.Build.0 = Release|Any CPU
		{E8993DDB-FF10-4983-BB2A-70C1C518492F}.Release|Any CPU.Deploy.0 = Release|Any CPU
		{C6AEF5A8-C914-4703-ABE8-0BEBAC6C6032}.Debug|Any CPU.ActiveCfg = Debug|Any CPU
		{C6AEF5A8-C914-4703-ABE8-0BEBAC6C6032}.Debug|Any CPU.Build.0 = Debug|Any CPU
		{C6AEF5A8-C914-4703-ABE8-0BEBAC6C6032}.Release|Any CPU.ActiveCfg = Release|Any CPU
		{C6AEF5A8-C914-4703-ABE8-0BEBAC6C6032}.Release|Any CPU.Build.0 = Release|Any CPU
	EndGlobalSection
	GlobalSection(SolutionProperties) = preSolution
		HideSolutionNode = FALSE
	EndGlobalSection
	GlobalSection(ExtensibilityGlobals) = postSolution
		SolutionGuid = {4DD0F86F-AC52-4B46-9310-8CF605700F73}
	EndGlobalSection
EndGlobal
